// !$*UTF8*$!
{
	archiveVersion = 1;
	classes = {
	};
	objectVersion = 46;
	objects = {

/* Begin PBXBuildFile section */
		4A03EA651A0DCE740096D9E5 /* main.m in Sources */ = {isa = PBXBuildFile; fileRef = 4A03EA641A0DCE740096D9E5 /* main.m */; };
		4A03EA681A0DCE740096D9E5 /* AppDelegate.m in Sources */ = {isa = PBXBuildFile; fileRef = 4A03EA671A0DCE740096D9E5 /* AppDelegate.m */; };
		4A03EA6B1A0DCE740096D9E5 /* ViewController.m in Sources */ = {isa = PBXBuildFile; fileRef = 4A03EA6A1A0DCE740096D9E5 /* ViewController.m */; };
		4A03EA6E1A0DCE740096D9E5 /* Main.storyboard in Resources */ = {isa = PBXBuildFile; fileRef = 4A03EA6C1A0DCE740096D9E5 /* Main.storyboard */; };
		4A03EA701A0DCE740096D9E5 /* Images.xcassets in Resources */ = {isa = PBXBuildFile; fileRef = 4A03EA6F1A0DCE740096D9E5 /* Images.xcassets */; };
		4A03EA731A0DCE740096D9E5 /* LaunchScreen.xib in Resources */ = {isa = PBXBuildFile; fileRef = 4A03EA711A0DCE740096D9E5 /* LaunchScreen.xib */; };
		4A03EA7F1A0DCE740096D9E5 /* CycleTrackerTests.m in Sources */ = {isa = PBXBuildFile; fileRef = 4A03EA7E1A0DCE740096D9E5 /* CycleTrackerTests.m */; };
		4A03EA8D1A0DD87B0096D9E5 /* SettingsViewController.m in Sources */ = {isa = PBXBuildFile; fileRef = 4A03EA8C1A0DD87B0096D9E5 /* SettingsViewController.m */; };
/* End PBXBuildFile section */

/* Begin PBXContainerItemProxy section */
		4A03EA791A0DCE740096D9E5 /* PBXContainerItemProxy */ = {
			isa = PBXContainerItemProxy;
			containerPortal = 4A03EA571A0DCE740096D9E5 /* Project object */;
			proxyType = 1;
			remoteGlobalIDString = 4A03EA5E1A0DCE740096D9E5;
			remoteInfo = CycleTracker;
		};
/* End PBXContainerItemProxy section */

/* Begin PBXFileReference section */
		4A03EA5F1A0DCE740096D9E5 /* CycleTracker.app */ = {isa = PBXFileReference; explicitFileType = wrapper.application; includeInIndex = 0; path = CycleTracker.app; sourceTree = BUILT_PRODUCTS_DIR; };
		4A03EA631A0DCE740096D9E5 /* Info.plist */ = {isa = PBXFileReference; lastKnownFileType = text.plist.xml; path = Info.plist; sourceTree = "<group>"; };
		4A03EA641A0DCE740096D9E5 /* main.m */ = {isa = PBXFileReference; lastKnownFileType = sourcecode.c.objc; path = main.m; sourceTree = "<group>"; };
		4A03EA661A0DCE740096D9E5 /* AppDelegate.h */ = {isa = PBXFileReference; lastKnownFileType = sourcecode.c.h; path = AppDelegate.h; sourceTree = "<group>"; };
		4A03EA671A0DCE740096D9E5 /* AppDelegate.m */ = {isa = PBXFileReference; lastKnownFileType = sourcecode.c.objc; path = AppDelegate.m; sourceTree = "<group>"; };
		4A03EA691A0DCE740096D9E5 /* ViewController.h */ = {isa = PBXFileReference; lastKnownFileType = sourcecode.c.h; path = ViewController.h; sourceTree = "<group>"; };
		4A03EA6A1A0DCE740096D9E5 /* ViewController.m */ = {isa = PBXFileReference; lastKnownFileType = sourcecode.c.objc; path = ViewController.m; sourceTree = "<group>"; };
		4A03EA6D1A0DCE740096D9E5 /* Base */ = {isa = PBXFileReference; lastKnownFileType = file.storyboard; name = Base; path = Base.lproj/Main.storyboard; sourceTree = "<group>"; };
		4A03EA6F1A0DCE740096D9E5 /* Images.xcassets */ = {isa = PBXFileReference; lastKnownFileType = folder.assetcatalog; path = Images.xcassets; sourceTree = "<group>"; };
		4A03EA721A0DCE740096D9E5 /* Base */ = {isa = PBXFileReference; lastKnownFileType = file.xib; name = Base; path = Base.lproj/LaunchScreen.xib; sourceTree = "<group>"; };
		4A03EA781A0DCE740096D9E5 /* CycleTrackerTests.xctest */ = {isa = PBXFileReference; explicitFileType = wrapper.cfbundle; includeInIndex = 0; path = CycleTrackerTests.xctest; sourceTree = BUILT_PRODUCTS_DIR; };
		4A03EA7D1A0DCE740096D9E5 /* Info.plist */ = {isa = PBXFileReference; lastKnownFileType = text.plist.xml; path = Info.plist; sourceTree = "<group>"; };
		4A03EA7E1A0DCE740096D9E5 /* CycleTrackerTests.m */ = {isa = PBXFileReference; lastKnownFileType = sourcecode.c.objc; path = CycleTrackerTests.m; sourceTree = "<group>"; };
		4A03EA8B1A0DD87B0096D9E5 /* SettingsViewController.h */ = {isa = PBXFileReference; fileEncoding = 4; lastKnownFileType = sourcecode.c.h; path = SettingsViewController.h; sourceTree = "<group>"; };
		4A03EA8C1A0DD87B0096D9E5 /* SettingsViewController.m */ = {isa = PBXFileReference; fileEncoding = 4; lastKnownFileType = sourcecode.c.objc; path = SettingsViewController.m; sourceTree = "<group>"; };
/* End PBXFileReference section */

/* Begin PBXFrameworksBuildPhase section */
		4A03EA5C1A0DCE740096D9E5 /* Frameworks */ = {
			isa = PBXFrameworksBuildPhase;
			buildActionMask = 2147483647;
			files = (
			);
			runOnlyForDeploymentPostprocessing = 0;
		};
		4A03EA751A0DCE740096D9E5 /* Frameworks */ = {
			isa = PBXFrameworksBuildPhase;
			buildActionMask = 2147483647;
			files = (
			);
			runOnlyForDeploymentPostprocessing = 0;
		};
/* End PBXFrameworksBuildPhase section */

/* Begin PBXGroup section */
		4A03EA561A0DCE740096D9E5 = {
			isa = PBXGroup;
			children = (
				4A03EA611A0DCE740096D9E5 /* CycleTracker */,
				4A03EA7B1A0DCE740096D9E5 /* CycleTrackerTests */,
				4A03EA601A0DCE740096D9E5 /* Products */,
			);
			sourceTree = "<group>";
		};
		4A03EA601A0DCE740096D9E5 /* Products */ = {
			isa = PBXGroup;
			children = (
				4A03EA5F1A0DCE740096D9E5 /* CycleTracker.app */,
				4A03EA781A0DCE740096D9E5 /* CycleTrackerTests.xctest */,
			);
			name = Products;
			sourceTree = "<group>";
		};
		4A03EA611A0DCE740096D9E5 /* CycleTracker */ = {
			isa = PBXGroup;
			children = (
				4A03EA661A0DCE740096D9E5 /* AppDelegate.h */,
				4A03EA671A0DCE740096D9E5 /* AppDelegate.m */,
				4A03EA691A0DCE740096D9E5 /* ViewController.h */,
				4A03EA6A1A0DCE740096D9E5 /* ViewController.m */,
				4A03EA8B1A0DD87B0096D9E5 /* SettingsViewController.h */,
				4A03EA8C1A0DD87B0096D9E5 /* SettingsViewController.m */,
				4A03EA6C1A0DCE740096D9E5 /* Main.storyboard */,
				4A03EA6F1A0DCE740096D9E5 /* Images.xcassets */,
				4A03EA711A0DCE740096D9E5 /* LaunchScreen.xib */,
				4A03EA621A0DCE740096D9E5 /* Supporting Files */,
			);
			path = CycleTracker;
			sourceTree = "<group>";
		};
		4A03EA621A0DCE740096D9E5 /* Supporting Files */ = {
			isa = PBXGroup;
			children = (
				4A03EA631A0DCE740096D9E5 /* Info.plist */,
				4A03EA641A0DCE740096D9E5 /* main.m */,
			);
			name = "Supporting Files";
			sourceTree = "<group>";
		};
		4A03EA7B1A0DCE740096D9E5 /* CycleTrackerTests */ = {
			isa = PBXGroup;
			children = (
				4A03EA7E1A0DCE740096D9E5 /* CycleTrackerTests.m */,
				4A03EA7C1A0DCE740096D9E5 /* Supporting Files */,
			);
			path = CycleTrackerTests;
			sourceTree = "<group>";
		};
		4A03EA7C1A0DCE740096D9E5 /* Supporting Files */ = {
			isa = PBXGroup;
			children = (
				4A03EA7D1A0DCE740096D9E5 /* Info.plist */,
			);
			name = "Supporting Files";
			sourceTree = "<group>";
		};
/* End PBXGroup section */

/* Begin PBXNativeTarget section */
		4A03EA5E1A0DCE740096D9E5 /* CycleTracker */ = {
			isa = PBXNativeTarget;
			buildConfigurationList = 4A03EA821A0DCE740096D9E5 /* Build configuration list for PBXNativeTarget "CycleTracker" */;
			buildPhases = (
				4A03EA5B1A0DCE740096D9E5 /* Sources */,
				4A03EA5C1A0DCE740096D9E5 /* Frameworks */,
				4A03EA5D1A0DCE740096D9E5 /* Resources */,
			);
			buildRules = (
			);
			dependencies = (
			);
			name = CycleTracker;
			productName = CycleTracker;
			productReference = 4A03EA5F1A0DCE740096D9E5 /* CycleTracker.app */;
			productType = "com.apple.product-type.application";
		};
		4A03EA771A0DCE740096D9E5 /* CycleTrackerTests */ = {
			isa = PBXNativeTarget;
			buildConfigurationList = 4A03EA851A0DCE740096D9E5 /* Build configuration list for PBXNativeTarget "CycleTrackerTests" */;
			buildPhases = (
				4A03EA741A0DCE740096D9E5 /* Sources */,
				4A03EA751A0DCE740096D9E5 /* Frameworks */,
				4A03EA761A0DCE740096D9E5 /* Resources */,
			);
			buildRules = (
			);
			dependencies = (
				4A03EA7A1A0DCE740096D9E5 /* PBXTargetDependency */,
			);
			name = CycleTrackerTests;
			productName = CycleTrackerTests;
			productReference = 4A03EA781A0DCE740096D9E5 /* CycleTrackerTests.xctest */;
			productType = "com.apple.product-type.bundle.unit-test";
		};
/* End PBXNativeTarget section */

/* Begin PBXProject section */
		4A03EA571A0DCE740096D9E5 /* Project object */ = {
			isa = PBXProject;
			attributes = {
				LastUpgradeCheck = 0610;
				ORGANIZATIONNAME = "Phil Sime";
				TargetAttributes = {
					4A03EA5E1A0DCE740096D9E5 = {
						CreatedOnToolsVersion = 6.1;
					};
					4A03EA771A0DCE740096D9E5 = {
						CreatedOnToolsVersion = 6.1;
						TestTargetID = 4A03EA5E1A0DCE740096D9E5;
					};
				};
			};
			buildConfigurationList = 4A03EA5A1A0DCE740096D9E5 /* Build configuration list for PBXProject "CycleTracker" */;
			compatibilityVersion = "Xcode 3.2";
			developmentRegion = English;
			hasScannedForEncodings = 0;
			knownRegions = (
				en,
				Base,
			);
			mainGroup = 4A03EA561A0DCE740096D9E5;
			productRefGroup = 4A03EA601A0DCE740096D9E5 /* Products */;
			projectDirPath = "";
			projectRoot = "";
			targets = (
				4A03EA5E1A0DCE740096D9E5 /* CycleTracker */,
				4A03EA771A0DCE740096D9E5 /* CycleTrackerTests */,
			);
		};
/* End PBXProject section */

/* Begin PBXResourcesBuildPhase section */
		4A03EA5D1A0DCE740096D9E5 /* Resources */ = {
			isa = PBXResourcesBuildPhase;
			buildActionMask = 2147483647;
			files = (
				4A03EA6E1A0DCE740096D9E5 /* Main.storyboard in Resources */,
				4A03EA731A0DCE740096D9E5 /* LaunchScreen.xib in Resources */,
				4A03EA701A0DCE740096D9E5 /* Images.xcassets in Resources */,
			);
			runOnlyForDeploymentPostprocessing = 0;
		};
		4A03EA761A0DCE740096D9E5 /* Resources */ = {
			isa = PBXResourcesBuildPhase;
			buildActionMask = 2147483647;
			files = (
			);
			runOnlyForDeploymentPostprocessing = 0;
		};
/* End PBXResourcesBuildPhase section */

/* Begin PBXSourcesBuildPhase section */
		4A03EA5B1A0DCE740096D9E5 /* Sources */ = {
			isa = PBXSourcesBuildPhase;
			buildActionMask = 2147483647;
			files = (
				4A03EA6B1A0DCE740096D9E5 /* ViewController.m in Sources */,
				4A03EA681A0DCE740096D9E5 /* AppDelegate.m in Sources */,
				4A03EA651A0DCE740096D9E5 /* main.m in Sources */,
				4A03EA8D1A0DD87B0096D9E5 /* SettingsViewController.m in Sources */,
			);
			runOnlyForDeploymentPostprocessing = 0;
		};
		4A03EA741A0DCE740096D9E5 /* Sources */ = {
			isa = PBXSourcesBuildPhase;
			buildActionMask = 2147483647;
			files = (
				4A03EA7F1A0DCE740096D9E5 /* CycleTrackerTests.m in Sources */,
			);
			runOnlyForDeploymentPostprocessing = 0;
		};
/* End PBXSourcesBuildPhase section */

/* Begin PBXTargetDependency section */
		4A03EA7A1A0DCE740096D9E5 /* PBXTargetDependency */ = {
			isa = PBXTargetDependency;
			target = 4A03EA5E1A0DCE740096D9E5 /* CycleTracker */;
			targetProxy = 4A03EA791A0DCE740096D9E5 /* PBXContainerItemProxy */;
		};
/* End PBXTargetDependency section */

/* Begin PBXVariantGroup section */
		4A03EA6C1A0DCE740096D9E5 /* Main.storyboard */ = {
			isa = PBXVariantGroup;
			children = (
				4A03EA6D1A0DCE740096D9E5 /* Base */,
			);
			name = Main.storyboard;
			sourceTree = "<group>";
		};
		4A03EA711A0DCE740096D9E5 /* LaunchScreen.xib */ = {
			isa = PBXVariantGroup;
			children = (
				4A03EA721A0DCE740096D9E5 /* Base */,
			);
			name = LaunchScreen.xib;
			sourceTree = "<group>";
		};
/* End PBXVariantGroup section */

/* Begin XCBuildConfiguration section */
		4A03EA801A0DCE740096D9E5 /* Debug */ = {
			isa = XCBuildConfiguration;
			buildSettings = {
				ALWAYS_SEARCH_USER_PATHS = NO;
				CLANG_CXX_LANGUAGE_STANDARD = "gnu++0x";
				CLANG_CXX_LIBRARY = "libc++";
				CLANG_ENABLE_MODULES = YES;
				CLANG_ENABLE_OBJC_ARC = YES;
				CLANG_WARN_BOOL_CONVERSION = YES;
				CLANG_WARN_CONSTANT_CONVERSION = YES;
				CLANG_WARN_DIRECT_OBJC_ISA_USAGE = YES_ERROR;
				CLANG_WARN_EMPTY_BODY = YES;
				CLANG_WARN_ENUM_CONVERSION = YES;
				CLANG_WARN_INT_CONVERSION = YES;
				CLANG_WARN_OBJC_ROOT_CLASS = YES_ERROR;
				CLANG_WARN_UNREACHABLE_CODE = YES;
				CLANG_WARN__DUPLICATE_METHOD_MATCH = YES;
				"CODE_SIGN_IDENTITY[sdk=iphoneos*]" = "iPhone Developer";
				COPY_PHASE_STRIP = NO;
				ENABLE_STRICT_OBJC_MSGSEND = YES;
				GCC_C_LANGUAGE_STANDARD = gnu99;
				GCC_DYNAMIC_NO_PIC = NO;
				GCC_OPTIMIZATION_LEVEL = 0;
				GCC_PREPROCESSOR_DEFINITIONS = (
					"DEBUG=1",
					"$(inherited)",
				);
				GCC_SYMBOLS_PRIVATE_EXTERN = NO;
				GCC_WARN_64_TO_32_BIT_CONVERSION = YES;
				GCC_WARN_ABOUT_RETURN_TYPE = YES_ERROR;
				GCC_WARN_UNDECLARED_SELECTOR = YES;
				GCC_WARN_UNINITIALIZED_AUTOS = YES_AGGRESSIVE;
				GCC_WARN_UNUSED_FUNCTION = YES;
				GCC_WARN_UNUSED_VARIABLE = YES;
				IPHONEOS_DEPLOYMENT_TARGET = 8.1;
				MTL_ENABLE_DEBUG_INFO = YES;
				ONLY_ACTIVE_ARCH = YES;
				SDKROOT = iphoneos;
			};
			name = Debug;
		};
		4A03EA811A0DCE740096D9E5 /* Release */ = {
			isa = XCBuildConfiguration;
			buildSettings = {
				ALWAYS_SEARCH_USER_PATHS = NO;
				CLANG_CXX_LANGUAGE_STANDARD = "gnu++0x";
				CLANG_CXX_LIBRARY = "libc++";
				CLANG_ENABLE_MODULES = YES;
				CLANG_ENABLE_OBJC_ARC = YES;
				CLANG_WARN_BOOL_CONVERSION = YES;
				CLANG_WARN_CONSTANT_CONVERSION = YES;
				CLANG_WARN_DIRECT_OBJC_ISA_USAGE = YES_ERROR;
				CLANG_WARN_EMPTY_BODY = YES;
				CLANG_WARN_ENUM_CONVERSION = YES;
				CLANG_WARN_INT_CONVERSION = YES;
				CLANG_WARN_OBJC_ROOT_CLASS = YES_ERROR;
				CLANG_WARN_UNREACHABLE_CODE = YES;
				CLANG_WARN__DUPLICATE_METHOD_MATCH = YES;
				"CODE_SIGN_IDENTITY[sdk=iphoneos*]" = "iPhone Developer";
				COPY_PHASE_STRIP = YES;
				ENABLE_NS_ASSERTIONS = NO;
				ENABLE_STRICT_OBJC_MSGSEND = YES;
				GCC_C_LANGUAGE_STANDARD = gnu99;
				GCC_WARN_64_TO_32_BIT_CONVERSION = YES;
				GCC_WARN_ABOUT_RETURN_TYPE = YES_ERROR;
				GCC_WARN_UNDECLARED_SELECTOR = YES;
				GCC_WARN_UNINITIALIZED_AUTOS = YES_AGGRESSIVE;
				GCC_WARN_UNUSED_FUNCTION = YES;
				GCC_WARN_UNUSED_VARIABLE = YES;
				IPHONEOS_DEPLOYMENT_TARGET = 8.1;
				MTL_ENABLE_DEBUG_INFO = NO;
				SDKROOT = iphoneos;
				VALIDATE_PRODUCT = YES;
			};
			name = Release;
		};
		4A03EA831A0DCE740096D9E5 /* Debug */ = {
			isa = XCBuildConfiguration;
			buildSettings = {
				ASSETCATALOG_COMPILER_APPICON_NAME = AppIcon;
				INFOPLIST_FILE = CycleTracker/Info.plist;
				LD_RUNPATH_SEARCH_PATHS = "$(inherited) @executable_path/Frameworks";
				PRODUCT_NAME = "$(TARGET_NAME)";
			};
			name = Debug;
		};
		4A03EA841A0DCE740096D9E5 /* Release */ = {
			isa = XCBuildConfiguration;
			buildSettings = {
				ASSETCATALOG_COMPILER_APPICON_NAME = AppIcon;
				INFOPLIST_FILE = CycleTracker/Info.plist;
				LD_RUNPATH_SEARCH_PATHS = "$(inherited) @executable_path/Frameworks";
				PRODUCT_NAME = "$(TARGET_NAME)";
			};
			name = Release;
		};
		4A03EA861A0DCE740096D9E5 /* Debug */ = {
			isa = XCBuildConfiguration;
			buildSettings = {
				BUNDLE_LOADER = "$(TEST_HOST)";
				FRAMEWORK_SEARCH_PATHS = (
					"$(SDKROOT)/Developer/Library/Frameworks",
					"$(inherited)",
				);
				GCC_PREPROCESSOR_DEFINITIONS = (
					"DEBUG=1",
					"$(inherited)",
				);
				INFOPLIST_FILE = CycleTrackerTests/Info.plist;
				LD_RUNPATH_SEARCH_PATHS = "$(inherited) @executable_path/Frameworks @loader_path/Frameworks";
				PRODUCT_NAME = "$(TARGET_NAME)";
				TEST_HOST = "$(BUILT_PRODUCTS_DIR)/CycleTracker.app/CycleTracker";
			};
			name = Debug;
		};
		4A03EA871A0DCE740096D9E5 /* Release */ = {
			isa = XCBuildConfiguration;
			buildSettings = {
				BUNDLE_LOADER = "$(TEST_HOST)";
				FRAMEWORK_SEARCH_PATHS = (
					"$(SDKROOT)/Developer/Library/Frameworks",
					"$(inherited)",
				);
				INFOPLIST_FILE = CycleTrackerTests/Info.plist;
				LD_RUNPATH_SEARCH_PATHS = "$(inherited) @executable_path/Frameworks @loader_path/Frameworks";
				PRODUCT_NAME = "$(TARGET_NAME)";
				TEST_HOST = "$(BUILT_PRODUCTS_DIR)/CycleTracker.app/CycleTracker";
			};
			name = Release;
		};
/* End XCBuildConfiguration section */

/* Begin XCConfigurationList section */
		4A03EA5A1A0DCE740096D9E5 /* Build configuration list for PBXProject "CycleTracker" */ = {
			isa = XCConfigurationList;
			buildConfigurations = (
				4A03EA801A0DCE740096D9E5 /* Debug */,
				4A03EA811A0DCE740096D9E5 /* Release */,
			);
			defaultConfigurationIsVisible = 0;
			defaultConfigurationName = Release;
		};
		4A03EA821A0DCE740096D9E5 /* Build configuration list for PBXNativeTarget "CycleTracker" */ = {
			isa = XCConfigurationList;
			buildConfigurations = (
				4A03EA831A0DCE740096D9E5 /* Debug */,
				4A03EA841A0DCE740096D9E5 /* Release */,
			);
			defaultConfigurationIsVisible = 0;
			defaultConfigurationName = Release;
		};
		4A03EA851A0DCE740096D9E5 /* Build configuration list for PBXNativeTarget "CycleTrackerTests" */ = {
			isa = XCConfigurationList;
			buildConfigurations = (
				4A03EA861A0DCE740096D9E5 /* Debug */,
				4A03EA871A0DCE740096D9E5 /* Release */,
			);
			defaultConfigurationIsVisible = 0;
			defaultConfigurationName = Release;
		};
/* End XCConfigurationList section */
	};
	rootObject = 4A03EA571A0DCE740096D9E5 /* Project object */;
}
